{
  "name": "exercicios-js",
  "lockfileVersion": 2,
  "requires": true,
  "packages": {
    "": {
      "dependencies": {
        "lodash": "^4.17.21",
        "node-schedule": "1.2.0"
      }
    },
    "node_modules/cron-parser": {
      "version": "1.1.0",
      "resolved": "https://registry.npmjs.org/cron-parser/-/cron-parser-1.1.0.tgz",
      "integrity": "sha512-/hVzoZtGnoecE8cGKBWe/GP4ltezGWC6mTcmccNvVOqjkm7fbJlP/YO8WWzzBR4+fVIH/nduwntHUJInLFMnhQ==",
      "engines": {
        "node": ">=0.8"
      }
    },
    "node_modules/lodash": {
      "version": "4.17.21",
      "resolved": "https://registry.npmjs.org/lodash/-/lodash-4.17.21.tgz",
      "integrity": "sha512-v2kDEe57lecTulaDIuNTPy3Ry4gLGJ6Z1O3vE1krgXZNrsQ+LFTGHVxVjcXPs17LhbZVGedAJv8XZ1tvj5FvSg=="
    },
    "node_modules/long-timeout": {
      "version": "0.0.2",
      "resolved": "https://registry.npmjs.org/long-timeout/-/long-timeout-0.0.2.tgz",
      "integrity": "sha512-DUvApgXUm2BjnYoNxRr2/ZvY1AxA4KxjwdABx1n9yQ02UD1U+LvTarA+8fgmKeKUU2dHVqM00wLL6FDz75FYdA=="
    },
    "node_modules/node-schedule": {
      "version": "1.2.0",
      "resolved": "https://registry.npmjs.org/node-schedule/-/node-schedule-1.2.0.tgz",
      "integrity": "sha512-ExlrgM7KKPekZrl7um+U6LDpc4MdInxgQykEWE21Ch1SQVqFKp9qNazqq98v2goGhiPR6SyPqPa7XN2h/jcJxQ==",
      "dependencies": {
        "cron-parser": "1.1.0",
        "long-timeout": "0.0.2"
      }
    }
  },
  "dependencies": {
    "cron-parser": {
      "version": "1.1.0",
      "resolved": "https://registry.npmjs.org/cron-parser/-/cron-parser-1.1.0.tgz",
      "integrity": "sha512-/hVzoZtGnoecE8cGKBWe/GP4ltezGWC6mTcmccNvVOqjkm7fbJlP/YO8WWzzBR4+fVIH/nduwntHUJInLFMnhQ=="
    },
    "lodash": {
      "version": "4.17.21",
      "resolved": "https://registry.npmjs.org/lodash/-/lodash-4.17.21.tgz",
      "integrity": "sha512-v2kDEe57lecTulaDIuNTPy3Ry4gLGJ6Z1O3vE1krgXZNrsQ+LFTGHVxVjcXPs17LhbZVGedAJv8XZ1tvj5FvSg=="
    },
    "long-timeout": {
      "version": "0.0.2",
      "resolved": "https://registry.npmjs.org/long-timeout/-/long-timeout-0.0.2.tgz",
      "integrity": "sha512-DUvApgXUm2BjnYoNxRr2/ZvY1AxA4KxjwdABx1n9yQ02UD1U+LvTarA+8fgmKeKUU2dHVqM00wLL6FDz75FYdA=="
    },
    "node-schedule": {
      "version": "1.2.0",
      "resolved": "https://registry.npmjs.org/node-schedule/-/node-schedule-1.2.0.tgz",
      "integrity": "sha512-ExlrgM7KKPekZrl7um+U6LDpc4MdInxgQykEWE21Ch1SQVqFKp9qNazqq98v2goGhiPR6SyPqPa7XN2h/jcJxQ==",
      "requires": {
        "cron-parser": "1.1.0",
        "long-timeout": "0.0.2"
      }
    }
  }
}
